<?xml version="1.0" encoding="utf-8"?>
<Project ToolsVersion="4.0" xmlns="http://schemas.microsoft.com/developer/msbuild/2003">
  <ItemGroup>
    <FxCompile Include="ParticlePS.hlsl" />
    <FxCompile Include="ParticleVS.hlsl" />
    <FxCompile Include="PixelShader.hlsl" />
    <FxCompile Include="SkyPS.hlsl" />
    <FxCompile Include="SkyVS.hlsl" />
    <FxCompile Include="VertexShader.hlsl" />
  </ItemGroup>
  <ItemGroup>
    <ClCompile Include="Camera.cpp" />
    <ClCompile Include="DXCore.cpp" />
    <ClCompile Include="Emitter.cpp" />
    <ClCompile Include="Entity.cpp" />
    <ClCompile Include="Game.cpp" />
    <ClCompile Include="Main.cpp" />
    <ClCompile Include="Material.cpp" />
    <ClCompile Include="Mesh.cpp" />
    <ClCompile Include="Node.cpp" />
    <ClCompile Include="Player.cpp" />
    <ClCompile Include="SimpleShader.cpp" />
    <ClCompile Include="Target.cpp" />
    <ClCompile Include="SmokeEmitter.cpp" />
    <ClCompile Include="Terrain.cpp" />
  </ItemGroup>
  <ItemGroup>
    <ClInclude Include="Camera.h" />
    <ClInclude Include="DXCore.h" />
    <ClInclude Include="Emitter.h" />
    <ClInclude Include="Entity.h" />
    <ClInclude Include="Game.h" />
    <ClInclude Include="Lights.h" />
    <ClInclude Include="Material.h" />
    <ClInclude Include="Mesh.h" />
    <ClInclude Include="Node.h" />
    <ClInclude Include="Player.h" />
    <ClInclude Include="SimpleShader.h" />
    <ClInclude Include="Target.h" />
    <ClInclude Include="Vertex.h" />
    <ClInclude Include="SmokeEmitter.h" />
    <ClInclude Include="Terrain.h" />
  </ItemGroup>
  <ItemGroup>
    <None Include="packages.config" />
  </ItemGroup>
</Project>